{
  "name": "rn-android-kit",
  "version": "0.6.0",
  "lockfileVersion": 3,
  "requires": true,
  "packages": {
    "": {
      "name": "rn-android-kit",
      "version": "0.6.0",
      "license": "MIT",
      "os": [
        "darwin",
        "linux"
      ],
      "bin": {
        "rn": "bin/rn.js"
      },
      "engines": {
        "node": ">=18"
      }
    }
  }
}
